
Microsoft Visual Studio Solution File, Format Version 12.00
# Visual Studio Version 17
VisualStudioVersion = 17.6.33815.320
MinimumVisualStudioVersion = 10.0.40219.1
Project("{FAE04EC0-301F-11D3-BF4B-00C04F79EFBC}") = "Learning", "Learning.csproj", "{1BEED3C3-FACB-48B0-ABC4-4C2AEE20C85F}"
EndProject
Global
	GlobalSection(SolutionConfigurationPlatforms) = preSolution
		Debug|Any CPU = Debug|Any CPU
		Release|Any CPU = Release|Any CPU
	EndGlobalSection
	GlobalSection(ProjectConfigurationPlatforms) = postSolution
		{1BEED3C3-FACB-48B0-ABC4-4C2AEE20C85F}.Debug|Any CPU.ActiveCfg = Debug|Any CPU
		{1BEED3C3-FACB-48B0-ABC4-4C2AEE20C85F}.Debug|Any CPU.Build.0 = Debug|Any CPU
		{1BEED3C3-FACB-48B0-ABC4-4C2AEE20C85F}.Release|Any CPU.ActiveCfg = Release|Any CPU
		{1BEED3C3-FACB-48B0-ABC4-4C2AEE20C85F}.Release|Any CPU.Build.0 = Release|Any CPU
	EndGlobalSection
	GlobalSection(SolutionProperties) = preSolution
		HideSolutionNode = FALSE
	EndGlobalSection
	GlobalSection(ExtensibilityGlobals) = postSolution
		SolutionGuid = {4E3F8126-B419-4A7E-B0D5-954209A12F43}
	EndGlobalSection
EndGlobal
